<?xml version="1.0" encoding="utf-8"?>
<Project ToolsVersion="4.0" xmlns="http://schemas.microsoft.com/developer/msbuild/2003">
  <ItemGroup>
    <Filter Include="Source Files">
      <UniqueIdentifier>{4FC737F1-C7A5-4376-A066-2A32D752A2FF}</UniqueIdentifier>
      <Extensions>cpp;c;cc;cxx;def;odl;idl;hpj;bat;asm;asmx</Extensions>
    </Filter>
    <Filter Include="Header Files">
      <UniqueIdentifier>{93995380-89BD-4b04-88EB-625FBE52EBFB}</UniqueIdentifier>
      <Extensions>h;hh;hpp;hxx;hm;inl;inc;ipp;xsd</Extensions>
    </Filter>
    <Filter Include="Resource Files">
      <UniqueIdentifier>{67DA6AB6-F800-4c08-8B7A-83BB121AAD01}</UniqueIdentifier>
      <Extensions>rc;ico;cur;bmp;dlg;rc2;rct;bin;rgs;gif;jpg;jpeg;jpe;resx;tiff;tif;png;wav;mfcribbon-ms</Extensions>
    </Filter>
    <Filter Include="Source Files\Scene 1">
      <UniqueIdentifier>{0a09dedd-3208-4652-9ba9-57c730e3b93e}</UniqueIdentifier>
    </Filter>
    <Filter Include="Header Files\Scene 1">
      <UniqueIdentifier>{b5684681-0f19-4ea4-8d73-c09ef44ec13d}</UniqueIdentifier>
    </Filter>
    <Filter Include="Header Files\Main Menu Scene">
      <UniqueIdentifier>{fcc642f0-1c32-4bab-a9ce-183caacadd68}</UniqueIdentifier>
    </Filter>
    <Filter Include="Source Files\Main Menu Scene">
      <UniqueIdentifier>{5cada8ad-d200-4193-b5e6-a939b69ab0d1}</UniqueIdentifier>
    </Filter>
  </ItemGroup>
  <ItemGroup>
    <ClCompile Include="Scene.cpp">
      <Filter>Source Files</Filter>
    </ClCompile>
    <ClCompile Include="SceneManager.cpp">
      <Filter>Source Files</Filter>
    </ClCompile>
    <ClCompile Include="main.cpp">
      <Filter>Source Files</Filter>
    </ClCompile>
    <ClCompile Include="Scene1.cpp">
      <Filter>Source Files\Scene 1</Filter>
    </ClCompile>
    <ClCompile Include="Prius.cpp">
      <Filter>Source Files\Scene 1</Filter>
    </ClCompile>
    <ClCompile Include="HolyObject.cpp">
      <Filter>Source Files\Scene 1</Filter>
    </ClCompile>
    <ClCompile Include="ElonBullet.cpp">
      <Filter>Source Files\Scene 1</Filter>
    </ClCompile>
    <ClCompile Include="Scene1_GUI.cpp">
      <Filter>Source Files\Scene 1</Filter>
    </ClCompile>
  </ItemGroup>
  <ItemGroup>
    <ClInclude Include="resource.h">
      <Filter>Header Files</Filter>
    </ClInclude>
    <ClInclude Include="resource1.h">
      <Filter>Header Files</Filter>
    </ClInclude>
    <ClInclude Include="Scene.h">
      <Filter>Header Files</Filter>
    </ClInclude>
    <ClInclude Include="SceneManager.h">
      <Filter>Header Files</Filter>
    </ClInclude>
    <ClInclude Include="Prius.h">
      <Filter>Header Files\Scene 1</Filter>
    </ClInclude>
    <ClInclude Include="HolyObject.h">
      <Filter>Header Files\Scene 1</Filter>
    </ClInclude>
    <ClInclude Include="ElonBullet.h">
      <Filter>Header Files\Scene 1</Filter>
    </ClInclude>
    <ClInclude Include="Scene1.h">
      <Filter>Header Files\Scene 1</Filter>
    </ClInclude>
    <ClInclude Include="Scene1_GUI.h">
      <Filter>Header Files\Scene 1</Filter>
    </ClInclude>
  </ItemGroup>
  <ItemGroup>
    <ResourceCompile Include="Attack the Prius.rc">
      <Filter>Resource Files</Filter>
    </ResourceCompile>
  </ItemGroup>
  <ItemGroup>
    <Image Include="Resources\Images\detgen_prius.ico">
      <Filter>Resource Files</Filter>
    </Image>
  </ItemGroup>
</Project>